
Microsoft Visual Studio Solution File, Format Version 12.00
# Visual Studio Version 17
VisualStudioVersion = 17.3.32804.467
MinimumVisualStudioVersion = 10.0.40219.1
Project("{2150E333-8FDC-42A3-9474-1A3956D46DE8}") = "ShopManagement", "ShopManagement", "{29024AC8-E599-495A-AD01-CC03000EFB0A}"
EndProject
Project("{9A19103F-16F7-4668-BE54-9A1E7A4F7556}") = "ShopMgmt.Domain", "ShopMgmt.Domain\ShopMgmt.Domain.csproj", "{68A2BE7D-F7FF-4A69-B33E-7F4AA3ADBB14}"
EndProject
Project("{9A19103F-16F7-4668-BE54-9A1E7A4F7556}") = "ShopMgmt.Application.Contract", "ShopMgmt.Application.Cotracts\ShopMgmt.Application.Contract.csproj", "{58DFB74F-64F4-46AB-9D9F-327BF007DE16}"
EndProject
Project("{9A19103F-16F7-4668-BE54-9A1E7A4F7556}") = "ShopMgmt.Application", "ShopMgmt.Application\ShopMgmt.Application.csproj", "{5F276634-697F-453C-9C89-0F631DB2F431}"
EndProject
Project("{9A19103F-16F7-4668-BE54-9A1E7A4F7556}") = "_Framework", "_Framework\_Framework.csproj", "{B91AF56B-42B6-4C96-AC4A-C402CD9A5EE2}"
EndProject
Project("{9A19103F-16F7-4668-BE54-9A1E7A4F7556}") = "ShopMgmt.Infrastructure.EFCore", "ShopMgmt.Infrastructure.EFCore\ShopMgmt.Infrastructure.EFCore.csproj", "{91EFA186-7898-4D9A-A598-7FFFA4F12630}"
EndProject
Project("{9A19103F-16F7-4668-BE54-9A1E7A4F7556}") = "ShopMgmt.Infrastructure.Configuration", "ShopMgmt.Infrastructure.Configuration\ShopMgmt.Infrastructure.Configuration.csproj", "{20A1C383-C48B-45F6-8C3C-D893F1893895}"
EndProject
Project("{9A19103F-16F7-4668-BE54-9A1E7A4F7556}") = "ServiceHost", "ServiceHost\ServiceHost.csproj", "{581F7596-A352-4213-BA3F-EA69D6490342}"
EndProject
Project("{9A19103F-16F7-4668-BE54-9A1E7A4F7556}") = "_LampshadeQuery", "_LampshadeQuery\_LampshadeQuery.csproj", "{C21AF343-FF5C-4138-A9DD-EC5D0C8B52D3}"
EndProject
Project("{2150E333-8FDC-42A3-9474-1A3956D46DE8}") = "DiscountManagement", "DiscountManagement", "{A170985E-06F9-4DAF-9BA1-B92CDE5D3D9E}"
EndProject
Project("{9A19103F-16F7-4668-BE54-9A1E7A4F7556}") = "DiscountMgmt.Domain", "DiscountMgmt.Domain\DiscountMgmt.Domain.csproj", "{1397FBD4-A5D8-456A-9382-83355FAA5793}"
EndProject
Project("{9A19103F-16F7-4668-BE54-9A1E7A4F7556}") = "DiscountMgmt.Application.Contract", "DiscountMgmt.Application.Contract\DiscountMgmt.Application.Contract.csproj", "{AB0186EA-255B-4F74-9504-986B821AC3F1}"
EndProject
Project("{9A19103F-16F7-4668-BE54-9A1E7A4F7556}") = "DiscountMgmt.Application", "DiscountMgmt.Application\DiscountMgmt.Application.csproj", "{963F72E1-14CF-4060-86D9-37898D634D8B}"
EndProject
Project("{9A19103F-16F7-4668-BE54-9A1E7A4F7556}") = "DiscountMgmt.Infrastructure.EFCore", "DiscountMgmt.Infrastructure.EFCore\DiscountMgmt.Infrastructure.EFCore.csproj", "{48D9CE98-B83F-49D0-82CB-48C348787700}"
EndProject
Project("{9A19103F-16F7-4668-BE54-9A1E7A4F7556}") = "DiscountMgmt.Infrastructure.Configuration", "DiscountMgmt.Infrastructure.Configuration\DiscountMgmt.Infrastructure.Configuration.csproj", "{03FCFFA8-22C9-4166-A65A-5CBFBD1BE5EE}"
EndProject
Project("{2150E333-8FDC-42A3-9474-1A3956D46DE8}") = "InventoryManagement", "InventoryManagement", "{C5946FC7-8BB1-49EF-BB93-C4EA134B9AD6}"
EndProject
Project("{9A19103F-16F7-4668-BE54-9A1E7A4F7556}") = "InventoryMgmt.Domain", "InventoryMgmt.Domain\InventoryMgmt.Domain.csproj", "{1EE264AC-0882-4C22-BF99-311B390F5998}"
EndProject
Project("{9A19103F-16F7-4668-BE54-9A1E7A4F7556}") = "InventoryMgmt.Application.Contract", "InventoryMgmt.Application.Contract\InventoryMgmt.Application.Contract.csproj", "{FCCD2A00-3E9F-428D-86C2-529283D7E66F}"
EndProject
Project("{9A19103F-16F7-4668-BE54-9A1E7A4F7556}") = "InventoryMgmt.Infrastructure.EFCore", "InventoryMgmt.Infrastructure.EFCore\InventoryMgmt.Infrastructure.EFCore.csproj", "{B2BF2257-A6FC-4757-AB9A-5473F02E39A4}"
EndProject
Project("{9A19103F-16F7-4668-BE54-9A1E7A4F7556}") = "InventoryMgmt.Infrastructure.Configuration", "InventoryMgmt.Infrastructure.Configuration\InventoryMgmt.Infrastructure.Configuration.csproj", "{889E8F7E-3D08-45A1-8ECC-7459C9098D95}"
EndProject
Project("{9A19103F-16F7-4668-BE54-9A1E7A4F7556}") = "InventoryMgmt.Application", "InventoryMgmt.Application\InventoryMgmt.Application.csproj", "{6780211E-06DB-47F2-89D1-6D77CBAB07C6}"
EndProject
Global
	GlobalSection(SolutionConfigurationPlatforms) = preSolution
		Debug|Any CPU = Debug|Any CPU
		Release|Any CPU = Release|Any CPU
	EndGlobalSection
	GlobalSection(ProjectConfigurationPlatforms) = postSolution
		{68A2BE7D-F7FF-4A69-B33E-7F4AA3ADBB14}.Debug|Any CPU.ActiveCfg = Debug|Any CPU
		{68A2BE7D-F7FF-4A69-B33E-7F4AA3ADBB14}.Debug|Any CPU.Build.0 = Debug|Any CPU
		{68A2BE7D-F7FF-4A69-B33E-7F4AA3ADBB14}.Release|Any CPU.ActiveCfg = Release|Any CPU
		{68A2BE7D-F7FF-4A69-B33E-7F4AA3ADBB14}.Release|Any CPU.Build.0 = Release|Any CPU
		{58DFB74F-64F4-46AB-9D9F-327BF007DE16}.Debug|Any CPU.ActiveCfg = Debug|Any CPU
		{58DFB74F-64F4-46AB-9D9F-327BF007DE16}.Debug|Any CPU.Build.0 = Debug|Any CPU
		{58DFB74F-64F4-46AB-9D9F-327BF007DE16}.Release|Any CPU.ActiveCfg = Release|Any CPU
		{58DFB74F-64F4-46AB-9D9F-327BF007DE16}.Release|Any CPU.Build.0 = Release|Any CPU
		{5F276634-697F-453C-9C89-0F631DB2F431}.Debug|Any CPU.ActiveCfg = Debug|Any CPU
		{5F276634-697F-453C-9C89-0F631DB2F431}.Debug|Any CPU.Build.0 = Debug|Any CPU
		{5F276634-697F-453C-9C89-0F631DB2F431}.Release|Any CPU.ActiveCfg = Release|Any CPU
		{5F276634-697F-453C-9C89-0F631DB2F431}.Release|Any CPU.Build.0 = Release|Any CPU
		{B91AF56B-42B6-4C96-AC4A-C402CD9A5EE2}.Debug|Any CPU.ActiveCfg = Debug|Any CPU
		{B91AF56B-42B6-4C96-AC4A-C402CD9A5EE2}.Debug|Any CPU.Build.0 = Debug|Any CPU
		{B91AF56B-42B6-4C96-AC4A-C402CD9A5EE2}.Release|Any CPU.ActiveCfg = Release|Any CPU
		{B91AF56B-42B6-4C96-AC4A-C402CD9A5EE2}.Release|Any CPU.Build.0 = Release|Any CPU
		{91EFA186-7898-4D9A-A598-7FFFA4F12630}.Debug|Any CPU.ActiveCfg = Debug|Any CPU
		{91EFA186-7898-4D9A-A598-7FFFA4F12630}.Debug|Any CPU.Build.0 = Debug|Any CPU
		{91EFA186-7898-4D9A-A598-7FFFA4F12630}.Release|Any CPU.ActiveCfg = Release|Any CPU
		{91EFA186-7898-4D9A-A598-7FFFA4F12630}.Release|Any CPU.Build.0 = Release|Any CPU
		{20A1C383-C48B-45F6-8C3C-D893F1893895}.Debug|Any CPU.ActiveCfg = Debug|Any CPU
		{20A1C383-C48B-45F6-8C3C-D893F1893895}.Debug|Any CPU.Build.0 = Debug|Any CPU
		{20A1C383-C48B-45F6-8C3C-D893F1893895}.Release|Any CPU.ActiveCfg = Release|Any CPU
		{20A1C383-C48B-45F6-8C3C-D893F1893895}.Release|Any CPU.Build.0 = Release|Any CPU
		{581F7596-A352-4213-BA3F-EA69D6490342}.Debug|Any CPU.ActiveCfg = Debug|Any CPU
		{581F7596-A352-4213-BA3F-EA69D6490342}.Debug|Any CPU.Build.0 = Debug|Any CPU
		{581F7596-A352-4213-BA3F-EA69D6490342}.Release|Any CPU.ActiveCfg = Release|Any CPU
		{581F7596-A352-4213-BA3F-EA69D6490342}.Release|Any CPU.Build.0 = Release|Any CPU
		{C21AF343-FF5C-4138-A9DD-EC5D0C8B52D3}.Debug|Any CPU.ActiveCfg = Debug|Any CPU
		{C21AF343-FF5C-4138-A9DD-EC5D0C8B52D3}.Debug|Any CPU.Build.0 = Debug|Any CPU
		{C21AF343-FF5C-4138-A9DD-EC5D0C8B52D3}.Release|Any CPU.ActiveCfg = Release|Any CPU
		{C21AF343-FF5C-4138-A9DD-EC5D0C8B52D3}.Release|Any CPU.Build.0 = Release|Any CPU
		{1397FBD4-A5D8-456A-9382-83355FAA5793}.Debug|Any CPU.ActiveCfg = Debug|Any CPU
		{1397FBD4-A5D8-456A-9382-83355FAA5793}.Debug|Any CPU.Build.0 = Debug|Any CPU
		{1397FBD4-A5D8-456A-9382-83355FAA5793}.Release|Any CPU.ActiveCfg = Release|Any CPU
		{1397FBD4-A5D8-456A-9382-83355FAA5793}.Release|Any CPU.Build.0 = Release|Any CPU
		{AB0186EA-255B-4F74-9504-986B821AC3F1}.Debug|Any CPU.ActiveCfg = Debug|Any CPU
		{AB0186EA-255B-4F74-9504-986B821AC3F1}.Debug|Any CPU.Build.0 = Debug|Any CPU
		{AB0186EA-255B-4F74-9504-986B821AC3F1}.Release|Any CPU.ActiveCfg = Release|Any CPU
		{AB0186EA-255B-4F74-9504-986B821AC3F1}.Release|Any CPU.Build.0 = Release|Any CPU
		{963F72E1-14CF-4060-86D9-37898D634D8B}.Debug|Any CPU.ActiveCfg = Debug|Any CPU
		{963F72E1-14CF-4060-86D9-37898D634D8B}.Debug|Any CPU.Build.0 = Debug|Any CPU
		{963F72E1-14CF-4060-86D9-37898D634D8B}.Release|Any CPU.ActiveCfg = Release|Any CPU
		{963F72E1-14CF-4060-86D9-37898D634D8B}.Release|Any CPU.Build.0 = Release|Any CPU
		{48D9CE98-B83F-49D0-82CB-48C348787700}.Debug|Any CPU.ActiveCfg = Debug|Any CPU
		{48D9CE98-B83F-49D0-82CB-48C348787700}.Debug|Any CPU.Build.0 = Debug|Any CPU
		{48D9CE98-B83F-49D0-82CB-48C348787700}.Release|Any CPU.ActiveCfg = Release|Any CPU
		{48D9CE98-B83F-49D0-82CB-48C348787700}.Release|Any CPU.Build.0 = Release|Any CPU
		{03FCFFA8-22C9-4166-A65A-5CBFBD1BE5EE}.Debug|Any CPU.ActiveCfg = Debug|Any CPU
		{03FCFFA8-22C9-4166-A65A-5CBFBD1BE5EE}.Debug|Any CPU.Build.0 = Debug|Any CPU
		{03FCFFA8-22C9-4166-A65A-5CBFBD1BE5EE}.Release|Any CPU.ActiveCfg = Release|Any CPU
		{03FCFFA8-22C9-4166-A65A-5CBFBD1BE5EE}.Release|Any CPU.Build.0 = Release|Any CPU
		{1EE264AC-0882-4C22-BF99-311B390F5998}.Debug|Any CPU.ActiveCfg = Debug|Any CPU
		{1EE264AC-0882-4C22-BF99-311B390F5998}.Debug|Any CPU.Build.0 = Debug|Any CPU
		{1EE264AC-0882-4C22-BF99-311B390F5998}.Release|Any CPU.ActiveCfg = Release|Any CPU
		{1EE264AC-0882-4C22-BF99-311B390F5998}.Release|Any CPU.Build.0 = Release|Any CPU
		{FCCD2A00-3E9F-428D-86C2-529283D7E66F}.Debug|Any CPU.ActiveCfg = Debug|Any CPU
		{FCCD2A00-3E9F-428D-86C2-529283D7E66F}.Debug|Any CPU.Build.0 = Debug|Any CPU
		{FCCD2A00-3E9F-428D-86C2-529283D7E66F}.Release|Any CPU.ActiveCfg = Release|Any CPU
		{FCCD2A00-3E9F-428D-86C2-529283D7E66F}.Release|Any CPU.Build.0 = Release|Any CPU
		{B2BF2257-A6FC-4757-AB9A-5473F02E39A4}.Debug|Any CPU.ActiveCfg = Debug|Any CPU
		{B2BF2257-A6FC-4757-AB9A-5473F02E39A4}.Debug|Any CPU.Build.0 = Debug|Any CPU
		{B2BF2257-A6FC-4757-AB9A-5473F02E39A4}.Release|Any CPU.ActiveCfg = Release|Any CPU
		{B2BF2257-A6FC-4757-AB9A-5473F02E39A4}.Release|Any CPU.Build.0 = Release|Any CPU
		{889E8F7E-3D08-45A1-8ECC-7459C9098D95}.Debug|Any CPU.ActiveCfg = Debug|Any CPU
		{889E8F7E-3D08-45A1-8ECC-7459C9098D95}.Debug|Any CPU.Build.0 = Debug|Any CPU
		{889E8F7E-3D08-45A1-8ECC-7459C9098D95}.Release|Any CPU.ActiveCfg = Release|Any CPU
		{889E8F7E-3D08-45A1-8ECC-7459C9098D95}.Release|Any CPU.Build.0 = Release|Any CPU
		{6780211E-06DB-47F2-89D1-6D77CBAB07C6}.Debug|Any CPU.ActiveCfg = Debug|Any CPU
		{6780211E-06DB-47F2-89D1-6D77CBAB07C6}.Debug|Any CPU.Build.0 = Debug|Any CPU
		{6780211E-06DB-47F2-89D1-6D77CBAB07C6}.Release|Any CPU.ActiveCfg = Release|Any CPU
		{6780211E-06DB-47F2-89D1-6D77CBAB07C6}.Release|Any CPU.Build.0 = Release|Any CPU
	EndGlobalSection
	GlobalSection(SolutionProperties) = preSolution
		HideSolutionNode = FALSE
	EndGlobalSection
	GlobalSection(NestedProjects) = preSolution
		{68A2BE7D-F7FF-4A69-B33E-7F4AA3ADBB14} = {29024AC8-E599-495A-AD01-CC03000EFB0A}
		{58DFB74F-64F4-46AB-9D9F-327BF007DE16} = {29024AC8-E599-495A-AD01-CC03000EFB0A}
		{5F276634-697F-453C-9C89-0F631DB2F431} = {29024AC8-E599-495A-AD01-CC03000EFB0A}
		{91EFA186-7898-4D9A-A598-7FFFA4F12630} = {29024AC8-E599-495A-AD01-CC03000EFB0A}
		{20A1C383-C48B-45F6-8C3C-D893F1893895} = {29024AC8-E599-495A-AD01-CC03000EFB0A}
		{1397FBD4-A5D8-456A-9382-83355FAA5793} = {A170985E-06F9-4DAF-9BA1-B92CDE5D3D9E}
		{AB0186EA-255B-4F74-9504-986B821AC3F1} = {A170985E-06F9-4DAF-9BA1-B92CDE5D3D9E}
		{963F72E1-14CF-4060-86D9-37898D634D8B} = {A170985E-06F9-4DAF-9BA1-B92CDE5D3D9E}
		{48D9CE98-B83F-49D0-82CB-48C348787700} = {A170985E-06F9-4DAF-9BA1-B92CDE5D3D9E}
		{03FCFFA8-22C9-4166-A65A-5CBFBD1BE5EE} = {A170985E-06F9-4DAF-9BA1-B92CDE5D3D9E}
		{1EE264AC-0882-4C22-BF99-311B390F5998} = {C5946FC7-8BB1-49EF-BB93-C4EA134B9AD6}
		{FCCD2A00-3E9F-428D-86C2-529283D7E66F} = {C5946FC7-8BB1-49EF-BB93-C4EA134B9AD6}
		{B2BF2257-A6FC-4757-AB9A-5473F02E39A4} = {C5946FC7-8BB1-49EF-BB93-C4EA134B9AD6}
		{889E8F7E-3D08-45A1-8ECC-7459C9098D95} = {C5946FC7-8BB1-49EF-BB93-C4EA134B9AD6}
		{6780211E-06DB-47F2-89D1-6D77CBAB07C6} = {C5946FC7-8BB1-49EF-BB93-C4EA134B9AD6}
	EndGlobalSection
	GlobalSection(ExtensibilityGlobals) = postSolution
		SolutionGuid = {D735BA5C-AC2F-438F-8335-630A3682306C}
	EndGlobalSection
EndGlobal
